# This file is automatically @generated by Cargo.
# It is not intended for manual editing.
version = 3

[[package]]
name = "polaris-config"
version = "0.1.0"

[[package]]
name = "polaris-limit"
version = "0.1.0"

[[package]]
name = "polaris-registry"
version = "0.1.0"

[[package]]
name = "polaris-router"
version = "0.1.0"
